
Microsoft Visual Studio Solution File, Format Version 12.00
# Visual Studio Version 17
VisualStudioVersion = 17.2.32616.157
MinimumVisualStudioVersion = 10.0.40219.1
Project("{FAE04EC0-301F-11D3-BF4B-00C04F79EFBC}") = "RabbitMQ_SignalR_ExcelService", "RabbitMQ_SignalR_ExcelService\RabbitMQ_SignalR_ExcelService.csproj", "{8AF407D5-4648-4A81-9A83-8E8FF57D37E3}"
EndProject
Project("{FAE04EC0-301F-11D3-BF4B-00C04F79EFBC}") = "ExcelCreateWorkerService", "ExcelCreateWorkerService\ExcelCreateWorkerService.csproj", "{B785EF78-E4B5-4E2A-AC00-1253C2FBC5D0}"
EndProject
Global
	GlobalSection(SolutionConfigurationPlatforms) = preSolution
		Debug|Any CPU = Debug|Any CPU
		Release|Any CPU = Release|Any CPU
	EndGlobalSection
	GlobalSection(ProjectConfigurationPlatforms) = postSolution
		{8AF407D5-4648-4A81-9A83-8E8FF57D37E3}.Debug|Any CPU.ActiveCfg = Debug|Any CPU
		{8AF407D5-4648-4A81-9A83-8E8FF57D37E3}.Debug|Any CPU.Build.0 = Debug|Any CPU
		{8AF407D5-4648-4A81-9A83-8E8FF57D37E3}.Release|Any CPU.ActiveCfg = Release|Any CPU
		{8AF407D5-4648-4A81-9A83-8E8FF57D37E3}.Release|Any CPU.Build.0 = Release|Any CPU
		{B785EF78-E4B5-4E2A-AC00-1253C2FBC5D0}.Debug|Any CPU.ActiveCfg = Debug|Any CPU
		{B785EF78-E4B5-4E2A-AC00-1253C2FBC5D0}.Debug|Any CPU.Build.0 = Debug|Any CPU
		{B785EF78-E4B5-4E2A-AC00-1253C2FBC5D0}.Release|Any CPU.ActiveCfg = Release|Any CPU
		{B785EF78-E4B5-4E2A-AC00-1253C2FBC5D0}.Release|Any CPU.Build.0 = Release|Any CPU
	EndGlobalSection
	GlobalSection(SolutionProperties) = preSolution
		HideSolutionNode = FALSE
	EndGlobalSection
	GlobalSection(ExtensibilityGlobals) = postSolution
		SolutionGuid = {59481683-D68B-4C7B-A8BA-2FD26544AF7B}
	EndGlobalSection
EndGlobal
